Microsoft Visual Studio Solution File, Format Version 12.00
# Visual Studio Version 17
VisualStudioVersion = 17.0.31903.59
MinimumVisualStudioVersion = 10.0.40219.1
Project("{FAE04EC0-301F-11D3-BF4B-00C04F79EFBC}") = "Hoopful.Tests", "tests\Hoopful.Tests\Hoopful.Tests.csproj", "{1A64A1E1-0002-4A10-9E10-000000000002}"
EndProject
Project("{FAE04EC0-301F-11D3-BF4B-00C04F79EFBC}") = "Hoopful.Formats", "src\Hoopful.Formats\Hoopful.Formats.csproj", "{1A64A1E1-0006-4A10-9E10-000000000006}"
EndProject
Project("{FAE04EC0-301F-11D3-BF4B-00C04F79EFBC}") = "Hoopful.Benchmarks", "benchmarks\Hoopful.Benchmarks\Hoopful.Benchmarks.csproj", "{1A64A1E1-0003-4A10-9E10-000000000003}"
EndProject
Project("{FAE04EC0-301F-11D3-BF4B-00C04F79EFBC}") = "Hoopful.Browser", "samples\Hoopful.Browser\Hoopful.Browser.csproj", "{1A64A1E1-0005-4A10-9E10-000000000005}"
EndProject
Global
	GlobalSection(SolutionConfigurationPlatforms) = preSolution
		Debug|Any CPU = Debug|Any CPU
		Release|Any CPU = Release|Any CPU
	EndGlobalSection
	GlobalSection(ProjectConfigurationPlatforms) = postSolution
		{1A64A1E1-0002-4A10-9E10-000000000002}.Debug|Any CPU.ActiveCfg = Debug|Any CPU
		{1A64A1E1-0002-4A10-9E10-000000000002}.Debug|Any CPU.Build.0 = Debug|Any CPU
		{1A64A1E1-0002-4A10-9E10-000000000002}.Release|Any CPU.ActiveCfg = Release|Any CPU
		{1A64A1E1-0002-4A10-9E10-000000000002}.Release|Any CPU.Build.0 = Release|Any CPU
		{1A64A1E1-0003-4A10-9E10-000000000003}.Debug|Any CPU.ActiveCfg = Debug|Any CPU
		{1A64A1E1-0003-4A10-9E10-000000000003}.Debug|Any CPU.Build.0 = Debug|Any CPU
		{1A64A1E1-0003-4A10-9E10-000000000003}.Release|Any CPU.ActiveCfg = Release|Any CPU
		{1A64A1E1-0003-4A10-9E10-000000000003}.Release|Any CPU.Build.0 = Release|Any CPU
		{1A64A1E1-0005-4A10-9E10-000000000005}.Debug|Any CPU.ActiveCfg = Debug|Any CPU
		{1A64A1E1-0005-4A10-9E10-000000000005}.Debug|Any CPU.Build.0 = Debug|Any CPU
		{1A64A1E1-0005-4A10-9E10-000000000005}.Release|Any CPU.ActiveCfg = Release|Any CPU
		{1A64A1E1-0005-4A10-9E10-000000000005}.Release|Any CPU.Build.0 = Release|Any CPU
		{1A64A1E1-0006-4A10-9E10-000000000006}.Debug|Any CPU.ActiveCfg = Debug|Any CPU
		{1A64A1E1-0006-4A10-9E10-000000000006}.Debug|Any CPU.Build.0 = Debug|Any CPU
		{1A64A1E1-0006-4A10-9E10-000000000006}.Release|Any CPU.ActiveCfg = Release|Any CPU
		{1A64A1E1-0006-4A10-9E10-000000000006}.Release|Any CPU.Build.0 = Release|Any CPU
	EndGlobalSection
EndGlobal
